
Microsoft Visual Studio Solution File, Format Version 12.00
# Visual Studio Version 17
VisualStudioVersion = 17.3.32825.248
MinimumVisualStudioVersion = 10.0.40219.1
Project("{8BC9CEB8-8B4A-11D0-8D11-00A0C91BC942}") = "laba14", "laba14\laba14.vcxproj", "{492F6746-B0FF-4C18-8170-5E69E8AAA33E}"
EndProject
Project("{8BC9CEB8-8B4A-11D0-8D11-00A0C91BC942}") = "dop1", "dop1\dop1.vcxproj", "{91F0271D-6F43-4CC1-9615-892E864E6453}"
EndProject
Project("{8BC9CEB8-8B4A-11D0-8D11-00A0C91BC942}") = "dop 2", "dop 2\dop 2.vcxproj", "{53834353-6855-40B2-BEC6-354285687C9E}"
EndProject
Project("{8BC9CEB8-8B4A-11D0-8D11-00A0C91BC942}") = "dop 3", "dop 3\dop 3.vcxproj", "{6F59173B-043B-4682-859B-A196947D7573}"
EndProject
Global
	GlobalSection(SolutionConfigurationPlatforms) = preSolution
		Debug|x64 = Debug|x64
		Debug|x86 = Debug|x86
		Release|x64 = Release|x64
		Release|x86 = Release|x86
	EndGlobalSection
	GlobalSection(ProjectConfigurationPlatforms) = postSolution
		{492F6746-B0FF-4C18-8170-5E69E8AAA33E}.Debug|x64.ActiveCfg = Debug|x64
		{492F6746-B0FF-4C18-8170-5E69E8AAA33E}.Debug|x64.Build.0 = Debug|x64
		{492F6746-B0FF-4C18-8170-5E69E8AAA33E}.Debug|x86.ActiveCfg = Debug|Win32
		{492F6746-B0FF-4C18-8170-5E69E8AAA33E}.Debug|x86.Build.0 = Debug|Win32
		{492F6746-B0FF-4C18-8170-5E69E8AAA33E}.Release|x64.ActiveCfg = Release|x64
		{492F6746-B0FF-4C18-8170-5E69E8AAA33E}.Release|x64.Build.0 = Release|x64
		{492F6746-B0FF-4C18-8170-5E69E8AAA33E}.Release|x86.ActiveCfg = Release|Win32
		{492F6746-B0FF-4C18-8170-5E69E8AAA33E}.Release|x86.Build.0 = Release|Win32
		{91F0271D-6F43-4CC1-9615-892E864E6453}.Debug|x64.ActiveCfg = Debug|x64
		{91F0271D-6F43-4CC1-9615-892E864E6453}.Debug|x64.Build.0 = Debug|x64
		{91F0271D-6F43-4CC1-9615-892E864E6453}.Debug|x86.ActiveCfg = Debug|Win32
		{91F0271D-6F43-4CC1-9615-892E864E6453}.Debug|x86.Build.0 = Debug|Win32
		{91F0271D-6F43-4CC1-9615-892E864E6453}.Release|x64.ActiveCfg = Release|x64
		{91F0271D-6F43-4CC1-9615-892E864E6453}.Release|x64.Build.0 = Release|x64
		{91F0271D-6F43-4CC1-9615-892E864E6453}.Release|x86.ActiveCfg = Release|Win32
		{91F0271D-6F43-4CC1-9615-892E864E6453}.Release|x86.Build.0 = Release|Win32
		{53834353-6855-40B2-BEC6-354285687C9E}.Debug|x64.ActiveCfg = Debug|x64
		{53834353-6855-40B2-BEC6-354285687C9E}.Debug|x64.Build.0 = Debug|x64
		{53834353-6855-40B2-BEC6-354285687C9E}.Debug|x86.ActiveCfg = Debug|Win32
		{53834353-6855-40B2-BEC6-354285687C9E}.Debug|x86.Build.0 = Debug|Win32
		{53834353-6855-40B2-BEC6-354285687C9E}.Release|x64.ActiveCfg = Release|x64
		{53834353-6855-40B2-BEC6-354285687C9E}.Release|x64.Build.0 = Release|x64
		{53834353-6855-40B2-BEC6-354285687C9E}.Release|x86.ActiveCfg = Release|Win32
		{53834353-6855-40B2-BEC6-354285687C9E}.Release|x86.Build.0 = Release|Win32
		{6F59173B-043B-4682-859B-A196947D7573}.Debug|x64.ActiveCfg = Debug|x64
		{6F59173B-043B-4682-859B-A196947D7573}.Debug|x64.Build.0 = Debug|x64
		{6F59173B-043B-4682-859B-A196947D7573}.Debug|x86.ActiveCfg = Debug|Win32
		{6F59173B-043B-4682-859B-A196947D7573}.Debug|x86.Build.0 = Debug|Win32
		{6F59173B-043B-4682-859B-A196947D7573}.Release|x64.ActiveCfg = Release|x64
		{6F59173B-043B-4682-859B-A196947D7573}.Release|x64.Build.0 = Release|x64
		{6F59173B-043B-4682-859B-A196947D7573}.Release|x86.ActiveCfg = Release|Win32
		{6F59173B-043B-4682-859B-A196947D7573}.Release|x86.Build.0 = Release|Win32
	EndGlobalSection
	GlobalSection(SolutionProperties) = preSolution
		HideSolutionNode = FALSE
	EndGlobalSection
	GlobalSection(ExtensibilityGlobals) = postSolution
		SolutionGuid = {3662F89C-61F7-4DBD-90F7-7BD235DD6036}
	EndGlobalSection
EndGlobal
